
Microsoft Visual Studio Solution File, Format Version 12.00
# Visual Studio Version 17
VisualStudioVersion = 17.2.32616.157
MinimumVisualStudioVersion = 10.0.40219.1
Project("{FAE04EC0-301F-11D3-BF4B-00C04F79EFBC}") = "HttoFundamentalsListener", "HttoFundamentals\HttoFundamentalsListener.csproj", "{9B3D032F-CE90-401C-B841-0A4E3991C484}"
EndProject
Project("{FAE04EC0-301F-11D3-BF4B-00C04F79EFBC}") = "HttpFundamentalsClient", "HttpFundamentalsClient\HttpFundamentalsClient.csproj", "{6F23758C-6BAE-438E-90D5-A67DEA01A24B}"
EndProject
Global
	GlobalSection(SolutionConfigurationPlatforms) = preSolution
		Debug|Any CPU = Debug|Any CPU
		Release|Any CPU = Release|Any CPU
	EndGlobalSection
	GlobalSection(ProjectConfigurationPlatforms) = postSolution
		{9B3D032F-CE90-401C-B841-0A4E3991C484}.Debug|Any CPU.ActiveCfg = Debug|Any CPU
		{9B3D032F-CE90-401C-B841-0A4E3991C484}.Debug|Any CPU.Build.0 = Debug|Any CPU
		{9B3D032F-CE90-401C-B841-0A4E3991C484}.Release|Any CPU.ActiveCfg = Release|Any CPU
		{9B3D032F-CE90-401C-B841-0A4E3991C484}.Release|Any CPU.Build.0 = Release|Any CPU
		{6F23758C-6BAE-438E-90D5-A67DEA01A24B}.Debug|Any CPU.ActiveCfg = Debug|Any CPU
		{6F23758C-6BAE-438E-90D5-A67DEA01A24B}.Debug|Any CPU.Build.0 = Debug|Any CPU
		{6F23758C-6BAE-438E-90D5-A67DEA01A24B}.Release|Any CPU.ActiveCfg = Release|Any CPU
		{6F23758C-6BAE-438E-90D5-A67DEA01A24B}.Release|Any CPU.Build.0 = Release|Any CPU
	EndGlobalSection
	GlobalSection(SolutionProperties) = preSolution
		HideSolutionNode = FALSE
	EndGlobalSection
	GlobalSection(ExtensibilityGlobals) = postSolution
		SolutionGuid = {E662ABDD-FD62-4CF1-8430-487F2F759745}
	EndGlobalSection
EndGlobal
